
Microsoft Visual Studio Solution File, Format Version 12.00
# Visual Studio Version 16
VisualStudioVersion = 16.0.29209.62
MinimumVisualStudioVersion = 10.0.40219.1
Project("{FAE04EC0-301F-11D3-BF4B-00C04F79EFBC}") = "EstadoResultadoWPF", "EstadoResultadoWPF\EstadoResultadoWPF.csproj", "{52F3047A-D221-4DE4-8574-34F130F87090}"
EndProject
Global
	GlobalSection(SolutionConfigurationPlatforms) = preSolution
		Debug|Any CPU = Debug|Any CPU
		Debug|Mixed Platforms = Debug|Mixed Platforms
		Debug|Win32 = Debug|Win32
		Release|Any CPU = Release|Any CPU
		Release|Mixed Platforms = Release|Mixed Platforms
		Release|Win32 = Release|Win32
	EndGlobalSection
	GlobalSection(ProjectConfigurationPlatforms) = postSolution
		{52F3047A-D221-4DE4-8574-34F130F87090}.Debug|Any CPU.ActiveCfg = Debug|Any CPU
		{52F3047A-D221-4DE4-8574-34F130F87090}.Debug|Any CPU.Build.0 = Debug|Any CPU
		{52F3047A-D221-4DE4-8574-34F130F87090}.Debug|Mixed Platforms.ActiveCfg = Debug|Any CPU
		{52F3047A-D221-4DE4-8574-34F130F87090}.Debug|Mixed Platforms.Build.0 = Debug|Any CPU
		{52F3047A-D221-4DE4-8574-34F130F87090}.Debug|Win32.ActiveCfg = Debug|Any CPU
		{52F3047A-D221-4DE4-8574-34F130F87090}.Release|Any CPU.ActiveCfg = Release|Any CPU
		{52F3047A-D221-4DE4-8574-34F130F87090}.Release|Any CPU.Build.0 = Release|Any CPU
		{52F3047A-D221-4DE4-8574-34F130F87090}.Release|Mixed Platforms.ActiveCfg = Release|Any CPU
		{52F3047A-D221-4DE4-8574-34F130F87090}.Release|Mixed Platforms.Build.0 = Release|Any CPU
		{52F3047A-D221-4DE4-8574-34F130F87090}.Release|Win32.ActiveCfg = Release|Any CPU
	EndGlobalSection
	GlobalSection(SolutionProperties) = preSolution
		HideSolutionNode = FALSE
	EndGlobalSection
	GlobalSection(ExtensibilityGlobals) = postSolution
		SolutionGuid = {2545F103-E32F-49DE-B43D-213EABD9AE8A}
	EndGlobalSection
EndGlobal
